
Microsoft Visual Studio Solution File, Format Version 12.00
# Visual Studio Version 16
VisualStudioVersion = 16.0.28606.126
MinimumVisualStudioVersion = 10.0.40219.1
Project("{9A19103F-16F7-4668-BE54-9A1E7A4F7556}") = "SPFxApiDemo", "SPFxApiDemo\SPFxApiDemo.csproj", "{F1DD1C90-FBBD-4AAC-916C-CEC09E44371C}"
EndProject
Project("{2150E333-8FDC-42A3-9474-1A3956D46DE8}") = "Automation", "Automation", "{3D749383-7D2C-4953-8C29-685B5E947DD8}"
	ProjectSection(SolutionItems) = preProject
		..\Automation\template.json = ..\Automation\template.json
		..\Automation\template.parameters.json = ..\Automation\template.parameters.json
	EndProjectSection
EndProject
Global
	GlobalSection(SolutionConfigurationPlatforms) = preSolution
		Debug|Any CPU = Debug|Any CPU
		Release|Any CPU = Release|Any CPU
	EndGlobalSection
	GlobalSection(ProjectConfigurationPlatforms) = postSolution
		{F1DD1C90-FBBD-4AAC-916C-CEC09E44371C}.Debug|Any CPU.ActiveCfg = Debug|Any CPU
		{F1DD1C90-FBBD-4AAC-916C-CEC09E44371C}.Debug|Any CPU.Build.0 = Debug|Any CPU
		{F1DD1C90-FBBD-4AAC-916C-CEC09E44371C}.Release|Any CPU.ActiveCfg = Release|Any CPU
		{F1DD1C90-FBBD-4AAC-916C-CEC09E44371C}.Release|Any CPU.Build.0 = Release|Any CPU
	EndGlobalSection
	GlobalSection(SolutionProperties) = preSolution
		HideSolutionNode = FALSE
	EndGlobalSection
	GlobalSection(ExtensibilityGlobals) = postSolution
		SolutionGuid = {78E313FE-07F6-4D16-AC08-42DB74301D20}
	EndGlobalSection
EndGlobal
